// !$*UTF8*$!
{
	archiveVersion = 1;
	classes = {
	};
	objectVersion = 60;
	objects = {

/* Begin PBXBuildFile section */
		C6BA18F92BBEA2F40045B400 /* AppDelegate.m in Sources */ = {isa = PBXBuildFile; fileRef = C6BA18F82BBEA2F40045B400 /* AppDelegate.m */; };
		C6BA18FF2BBEA2F40045B400 /* ViewController.m in Sources */ = {isa = PBXBuildFile; fileRef = C6BA18FE2BBEA2F40045B400 /* ViewController.m */; };
		C6BA19022BBEA2F40045B400 /* Main.storyboard in Resources */ = {isa = PBXBuildFile; fileRef = C6BA19002BBEA2F40045B400 /* Main.storyboard */; };
		C6BA19042BBEA2F40045B400 /* Assets.xcassets in Resources */ = {isa = PBXBuildFile; fileRef = C6BA19032BBEA2F40045B400 /* Assets.xcassets */; };
		C6BA19072BBEA2F40045B400 /* LaunchScreen.storyboard in Resources */ = {isa = PBXBuildFile; fileRef = C6BA19052BBEA2F40045B400 /* LaunchScreen.storyboard */; };
		C6BA190A2BBEA2F40045B400 /* main.m in Sources */ = {isa = PBXBuildFile; fileRef = C6BA19092BBEA2F40045B400 /* main.m */; };
		C6BA19142BBEA2F40045B400 /* TenpapokerTests.m in Sources */ = {isa = PBXBuildFile; fileRef = C6BA19132BBEA2F40045B400 /* TenpapokerTests.m */; };
		C6BA191E2BBEA2F40045B400 /* TenpapokerUITests.m in Sources */ = {isa = PBXBuildFile; fileRef = C6BA191D2BBEA2F40045B400 /* TenpapokerUITests.m */; };
		C6BA19202BBEA2F40045B400 /* TenpapokerUITestsLaunchTests.m in Sources */ = {isa = PBXBuildFile; fileRef = C6BA191F2BBEA2F40045B400 /* TenpapokerUITestsLaunchTests.m */; };
		C6BA19362BBEA2F40045B400 /* GmaViewController.m in Sources */ = {isa = PBXBuildFile; fileRef = C6BA19342BBEA2F40045B400 /* GmaViewController.m */; };
		C6BA19372BBEA2F40045B400 /* GmaViewController.xib in Resources */ = {isa = PBXBuildFile; fileRef = C6BA19352BBEA2F40045B400 /* GmaViewController.xib */; };
		C6BA193C2BBEA2F40045B400 /* SixViewController.m in Sources */ = {isa = PBXBuildFile; fileRef = C6BA193A2BBEA2F40045B400 /* SixViewController.m */; };
		C6BA193D2BBEA2F40045B400 /* SixViewController.xib in Resources */ = {isa = PBXBuildFile; fileRef = C6BA193B2BBEA2F40045B400 /* SixViewController.xib */; };
		C6BA19412BBEA2F40045B400 /* SevenViewController.m in Sources */ = {isa = PBXBuildFile; fileRef = C6BA193F2BBEA2F40045B400 /* SevenViewController.m */; };
		C6BA19422BBEA2F40045B400 /* SevenViewController.xib in Resources */ = {isa = PBXBuildFile; fileRef = C6BA19402BBEA2F40045B400 /* SevenViewController.xib */; };
		C6BA19462BBEA2F40045B400 /* GuizeViewController.m in Sources */ = {isa = PBXBuildFile; fileRef = C6BA19442BBEA2F40045B400 /* GuizeViewController.m */; };
		C6BA19472BBEA2F40045B400 /* GuizeViewController.xib in Resources */ = {isa = PBXBuildFile; fileRef = C6BA19452BBEA2F40045B400 /* GuizeViewController.xib */; };
		C99DA91A01D898015FB8BC2C /* Pods_Tenpapoker.framework in Frameworks */ = {isa = PBXBuildFile; fileRef = 8D484D6F22DBD1A0FC9FD5AD /* Pods_Tenpapoker.framework */; };
/* End PBXBuildFile section */

/* Begin PBXContainerItemProxy section */
		C6BA19102BBEA2F40045B400 /* PBXContainerItemProxy */ = {
			isa = PBXContainerItemProxy;
			containerPortal = C6BA18EC2BBEA2F40045B400 /* Project object */;
			proxyType = 1;
			remoteGlobalIDString = C6BA18F32BBEA2F40045B400;
			remoteInfo = Tenpapoker;
		};
		C6BA191A2BBEA2F40045B400 /* PBXContainerItemProxy */ = {
			isa = PBXContainerItemProxy;
			containerPortal = C6BA18EC2BBEA2F40045B400 /* Project object */;
			proxyType = 1;
			remoteGlobalIDString = C6BA18F32BBEA2F40045B400;
			remoteInfo = Tenpapoker;
		};
/* End PBXContainerItemProxy section */

/* Begin PBXFileReference section */
		54A2B384E261F8D8CBC8C5D7 /* Pods-Tenpapoker.release.xcconfig */ = {isa = PBXFileReference; includeInIndex = 1; lastKnownFileType = text.xcconfig; name = "Pods-Tenpapoker.release.xcconfig"; path = "Target Support Files/Pods-Tenpapoker/Pods-Tenpapoker.release.xcconfig"; sourceTree = "<group>"; };
		8D484D6F22DBD1A0FC9FD5AD /* Pods_Tenpapoker.framework */ = {isa = PBXFileReference; explicitFileType = wrapper.framework; includeInIndex = 0; path = Pods_Tenpapoker.framework; sourceTree = BUILT_PRODUCTS_DIR; };
		C6BA18F42BBEA2F40045B400 /* Tenpapoker.app */ = {isa = PBXFileReference; explicitFileType = wrapper.application; includeInIndex = 0; path = Tenpapoker.app; sourceTree = BUILT_PRODUCTS_DIR; };
		C6BA18F72BBEA2F40045B400 /* AppDelegate.h */ = {isa = PBXFileReference; lastKnownFileType = sourcecode.c.h; path = AppDelegate.h; sourceTree = "<group>"; };
		C6BA18F82BBEA2F40045B400 /* AppDelegate.m */ = {isa = PBXFileReference; lastKnownFileType = sourcecode.c.objc; path = AppDelegate.m; sourceTree = "<group>"; };
		C6BA18FD2BBEA2F40045B400 /* ViewController.h */ = {isa = PBXFileReference; lastKnownFileType = sourcecode.c.h; path = ViewController.h; sourceTree = "<group>"; };
		C6BA18FE2BBEA2F40045B400 /* ViewController.m */ = {isa = PBXFileReference; lastKnownFileType = sourcecode.c.objc; path = ViewController.m; sourceTree = "<group>"; };
		C6BA19012BBEA2F40045B400 /* Base */ = {isa = PBXFileReference; lastKnownFileType = file.storyboard; name = Base; path = Base.lproj/Main.storyboard; sourceTree = "<group>"; };
		C6BA19032BBEA2F40045B400 /* Assets.xcassets */ = {isa = PBXFileReference; lastKnownFileType = folder.assetcatalog; path = Assets.xcassets; sourceTree = "<group>"; };
		C6BA19062BBEA2F40045B400 /* Base */ = {isa = PBXFileReference; lastKnownFileType = file.storyboard; name = Base; path = Base.lproj/LaunchScreen.storyboard; sourceTree = "<group>"; };
		C6BA19082BBEA2F40045B400 /* Info.plist */ = {isa = PBXFileReference; lastKnownFileType = text.plist.xml; path = Info.plist; sourceTree = "<group>"; };
		C6BA19092BBEA2F40045B400 /* main.m */ = {isa = PBXFileReference; lastKnownFileType = sourcecode.c.objc; path = main.m; sourceTree = "<group>"; };
		C6BA190F2BBEA2F40045B400 /* TenpapokerTests.xctest */ = {isa = PBXFileReference; explicitFileType = wrapper.cfbundle; includeInIndex = 0; path = TenpapokerTests.xctest; sourceTree = BUILT_PRODUCTS_DIR; };
		C6BA19132BBEA2F40045B400 /* TenpapokerTests.m */ = {isa = PBXFileReference; lastKnownFileType = sourcecode.c.objc; path = TenpapokerTests.m; sourceTree = "<group>"; };
		C6BA19192BBEA2F40045B400 /* TenpapokerUITests.xctest */ = {isa = PBXFileReference; explicitFileType = wrapper.cfbundle; includeInIndex = 0; path = TenpapokerUITests.xctest; sourceTree = BUILT_PRODUCTS_DIR; };
		C6BA191D2BBEA2F40045B400 /* TenpapokerUITests.m */ = {isa = PBXFileReference; lastKnownFileType = sourcecode.c.objc; path = TenpapokerUITests.m; sourceTree = "<group>"; };
		C6BA191F2BBEA2F40045B400 /* TenpapokerUITestsLaunchTests.m */ = {isa = PBXFileReference; lastKnownFileType = sourcecode.c.objc; path = TenpapokerUITestsLaunchTests.m; sourceTree = "<group>"; };
		C6BA19332BBEA2F40045B400 /* GmaViewController.h */ = {isa = PBXFileReference; lastKnownFileType = sourcecode.c.h; path = GmaViewController.h; sourceTree = "<group>"; };
		C6BA19342BBEA2F40045B400 /* GmaViewController.m */ = {isa = PBXFileReference; lastKnownFileType = sourcecode.c.objc; path = GmaViewController.m; sourceTree = "<group>"; };
		C6BA19352BBEA2F40045B400 /* GmaViewController.xib */ = {isa = PBXFileReference; lastKnownFileType = file.xib; path = GmaViewController.xib; sourceTree = "<group>"; };
		C6BA19392BBEA2F40045B400 /* SixViewController.h */ = {isa = PBXFileReference; lastKnownFileType = sourcecode.c.h; path = SixViewController.h; sourceTree = "<group>"; };
		C6BA193A2BBEA2F40045B400 /* SixViewController.m */ = {isa = PBXFileReference; lastKnownFileType = sourcecode.c.objc; path = SixViewController.m; sourceTree = "<group>"; };
		C6BA193B2BBEA2F40045B400 /* SixViewController.xib */ = {isa = PBXFileReference; lastKnownFileType = file.xib; path = SixViewController.xib; sourceTree = "<group>"; };
		C6BA193E2BBEA2F40045B400 /* SevenViewController.h */ = {isa = PBXFileReference; lastKnownFileType = sourcecode.c.h; path = SevenViewController.h; sourceTree = "<group>"; };
		C6BA193F2BBEA2F40045B400 /* SevenViewController.m */ = {isa = PBXFileReference; lastKnownFileType = sourcecode.c.objc; path = SevenViewController.m; sourceTree = "<group>"; };
		C6BA19402BBEA2F40045B400 /* SevenViewController.xib */ = {isa = PBXFileReference; lastKnownFileType = file.xib; path = SevenViewController.xib; sourceTree = "<group>"; };
		C6BA19432BBEA2F40045B400 /* GuizeViewController.h */ = {isa = PBXFileReference; lastKnownFileType = sourcecode.c.h; path = GuizeViewController.h; sourceTree = "<group>"; };
		C6BA19442BBEA2F40045B400 /* GuizeViewController.m */ = {isa = PBXFileReference; lastKnownFileType = sourcecode.c.objc; path = GuizeViewController.m; sourceTree = "<group>"; };
		C6BA19452BBEA2F40045B400 /* GuizeViewController.xib */ = {isa = PBXFileReference; lastKnownFileType = file.xib; path = GuizeViewController.xib; sourceTree = "<group>"; };
		CD06ECF1E0C0AEF6A73B2BAB /* Pods-Tenpapoker.debug.xcconfig */ = {isa = PBXFileReference; includeInIndex = 1; lastKnownFileType = text.xcconfig; name = "Pods-Tenpapoker.debug.xcconfig"; path = "Target Support Files/Pods-Tenpapoker/Pods-Tenpapoker.debug.xcconfig"; sourceTree = "<group>"; };
/* End PBXFileReference section */

/* Begin PBXFrameworksBuildPhase section */
		C6BA18F12BBEA2F40045B400 /* Frameworks */ = {
			isa = PBXFrameworksBuildPhase;
			buildActionMask = 2147483647;
			files = (
				C99DA91A01D898015FB8BC2C /* Pods_Tenpapoker.framework in Frameworks */,
			);
			runOnlyForDeploymentPostprocessing = 0;
		};
		C6BA190C2BBEA2F40045B400 /* Frameworks */ = {
			isa = PBXFrameworksBuildPhase;
			buildActionMask = 2147483647;
			files = (
			);
			runOnlyForDeploymentPostprocessing = 0;
		};
		C6BA19162BBEA2F40045B400 /* Frameworks */ = {
			isa = PBXFrameworksBuildPhase;
			buildActionMask = 2147483647;
			files = (
			);
			runOnlyForDeploymentPostprocessing = 0;
		};
/* End PBXFrameworksBuildPhase section */

/* Begin PBXGroup section */
		4E10F4DEA550287718352F0A /* Frameworks */ = {
			isa = PBXGroup;
			children = (
				8D484D6F22DBD1A0FC9FD5AD /* Pods_Tenpapoker.framework */,
			);
			name = Frameworks;
			sourceTree = "<group>";
		};
		870DDB787C8487F2CB58AC78 /* Pods */ = {
			isa = PBXGroup;
			children = (
				CD06ECF1E0C0AEF6A73B2BAB /* Pods-Tenpapoker.debug.xcconfig */,
				54A2B384E261F8D8CBC8C5D7 /* Pods-Tenpapoker.release.xcconfig */,
			);
			path = Pods;
			sourceTree = "<group>";
		};
		C6BA18EB2BBEA2F40045B400 = {
			isa = PBXGroup;
			children = (
				C6BA18F62BBEA2F40045B400 /* Tenpapoker */,
				C6BA19122BBEA2F40045B400 /* TenpapokerTests */,
				C6BA191C2BBEA2F40045B400 /* TenpapokerUITests */,
				C6BA18F52BBEA2F40045B400 /* Products */,
				870DDB787C8487F2CB58AC78 /* Pods */,
				4E10F4DEA550287718352F0A /* Frameworks */,
			);
			sourceTree = "<group>";
		};
		C6BA18F52BBEA2F40045B400 /* Products */ = {
			isa = PBXGroup;
			children = (
				C6BA18F42BBEA2F40045B400 /* Tenpapoker.app */,
				C6BA190F2BBEA2F40045B400 /* TenpapokerTests.xctest */,
				C6BA19192BBEA2F40045B400 /* TenpapokerUITests.xctest */,
			);
			name = Products;
			sourceTree = "<group>";
		};
		C6BA18F62BBEA2F40045B400 /* Tenpapoker */ = {
			isa = PBXGroup;
			children = (
				C6BA19392BBEA2F40045B400 /* SixViewController.h */,
				C6BA193A2BBEA2F40045B400 /* SixViewController.m */,
				C6BA193B2BBEA2F40045B400 /* SixViewController.xib */,
				C6BA18F72BBEA2F40045B400 /* AppDelegate.h */,
				C6BA18F82BBEA2F40045B400 /* AppDelegate.m */,
				C6BA18FD2BBEA2F40045B400 /* ViewController.h */,
				C6BA18FE2BBEA2F40045B400 /* ViewController.m */,
				C6BA19002BBEA2F40045B400 /* Main.storyboard */,
				C6BA19032BBEA2F40045B400 /* Assets.xcassets */,
				C6BA19052BBEA2F40045B400 /* LaunchScreen.storyboard */,
				C6BA19082BBEA2F40045B400 /* Info.plist */,
				C6BA19092BBEA2F40045B400 /* main.m */,
				C6BA19332BBEA2F40045B400 /* GmaViewController.h */,
				C6BA19342BBEA2F40045B400 /* GmaViewController.m */,
				C6BA19352BBEA2F40045B400 /* GmaViewController.xib */,
				C6BA193E2BBEA2F40045B400 /* SevenViewController.h */,
				C6BA193F2BBEA2F40045B400 /* SevenViewController.m */,
				C6BA19402BBEA2F40045B400 /* SevenViewController.xib */,
				C6BA19432BBEA2F40045B400 /* GuizeViewController.h */,
				C6BA19442BBEA2F40045B400 /* GuizeViewController.m */,
				C6BA19452BBEA2F40045B400 /* GuizeViewController.xib */,
			);
			path = Tenpapoker;
			sourceTree = "<group>";
		};
		C6BA19122BBEA2F40045B400 /* TenpapokerTests */ = {
			isa = PBXGroup;
			children = (
				C6BA19132BBEA2F40045B400 /* TenpapokerTests.m */,
			);
			path = TenpapokerTests;
			sourceTree = "<group>";
		};
		C6BA191C2BBEA2F40045B400 /* TenpapokerUITests */ = {
			isa = PBXGroup;
			children = (
				C6BA191D2BBEA2F40045B400 /* TenpapokerUITests.m */,
				C6BA191F2BBEA2F40045B400 /* TenpapokerUITestsLaunchTests.m */,
			);
			path = TenpapokerUITests;
			sourceTree = "<group>";
		};
/* End PBXGroup section */

/* Begin PBXNativeTarget section */
		C6BA18F32BBEA2F40045B400 /* Tenpapoker */ = {
			isa = PBXNativeTarget;
			buildConfigurationList = C6BA19232BBEA2F40045B400 /* Build configuration list for PBXNativeTarget "Tenpapoker" */;
			buildPhases = (
				A584FC465DC7396B6BDE325A /* [CP] Check Pods Manifest.lock */,
				C6BA18F02BBEA2F40045B400 /* Sources */,
				C6BA18F12BBEA2F40045B400 /* Frameworks */,
				C6BA18F22BBEA2F40045B400 /* Resources */,
				458ABB8D30C94399CBD1B690 /* [CP] Embed Pods Frameworks */,
			);
			buildRules = (
			);
			dependencies = (
			);
			name = Tenpapoker;
			productName = Tenpapoker;
			productReference = C6BA18F42BBEA2F40045B400 /* Tenpapoker.app */;
			productType = "com.apple.product-type.application";
		};
		C6BA190E2BBEA2F40045B400 /* TenpapokerTests */ = {
			isa = PBXNativeTarget;
			buildConfigurationList = C6BA19262BBEA2F40045B400 /* Build configuration list for PBXNativeTarget "TenpapokerTests" */;
			buildPhases = (
				C6BA190B2BBEA2F40045B400 /* Sources */,
				C6BA190C2BBEA2F40045B400 /* Frameworks */,
				C6BA190D2BBEA2F40045B400 /* Resources */,
			);
			buildRules = (
			);
			dependencies = (
				C6BA19112BBEA2F40045B400 /* PBXTargetDependency */,
			);
			name = TenpapokerTests;
			productName = TenpapokerTests;
			productReference = C6BA190F2BBEA2F40045B400 /* TenpapokerTests.xctest */;
			productType = "com.apple.product-type.bundle.unit-test";
		};
		C6BA19182BBEA2F40045B400 /* TenpapokerUITests */ = {
			isa = PBXNativeTarget;
			buildConfigurationList = C6BA19292BBEA2F40045B400 /* Build configuration list for PBXNativeTarget "TenpapokerUITests" */;
			buildPhases = (
				C6BA19152BBEA2F40045B400 /* Sources */,
				C6BA19162BBEA2F40045B400 /* Frameworks */,
				C6BA19172BBEA2F40045B400 /* Resources */,
			);
			buildRules = (
			);
			dependencies = (
				C6BA191B2BBEA2F40045B400 /* PBXTargetDependency */,
			);
			name = TenpapokerUITests;
			productName = TenpapokerUITests;
			productReference = C6BA19192BBEA2F40045B400 /* TenpapokerUITests.xctest */;
			productType = "com.apple.product-type.bundle.ui-testing";
		};
/* End PBXNativeTarget section */

/* Begin PBXProject section */
		C6BA18EC2BBEA2F40045B400 /* Project object */ = {
			isa = PBXProject;
			attributes = {
				BuildIndependentTargetsInParallel = 1;
				LastUpgradeCheck = 1520;
				TargetAttributes = {
					C6BA18F32BBEA2F40045B400 = {
						CreatedOnToolsVersion = 15.2;
					};
					C6BA190E2BBEA2F40045B400 = {
						CreatedOnToolsVersion = 15.2;
						TestTargetID = C6BA18F32BBEA2F40045B400;
					};
					C6BA19182BBEA2F40045B400 = {
						CreatedOnToolsVersion = 15.2;
						TestTargetID = C6BA18F32BBEA2F40045B400;
					};
				};
			};
			buildConfigurationList = C6BA18EF2BBEA2F40045B400 /* Build configuration list for PBXProject "Tenpapoker" */;
			compatibilityVersion = "Xcode 15.0";
			developmentRegion = en;
			hasScannedForEncodings = 0;
			knownRegions = (
				en,
				Base,
			);
			mainGroup = C6BA18EB2BBEA2F40045B400;
			productRefGroup = C6BA18F52BBEA2F40045B400 /* Products */;
			projectDirPath = "";
			projectRoot = "";
			targets = (
				C6BA18F32BBEA2F40045B400 /* Tenpapoker */,
				C6BA190E2BBEA2F40045B400 /* TenpapokerTests */,
				C6BA19182BBEA2F40045B400 /* TenpapokerUITests */,
			);
		};
/* End PBXProject section */

/* Begin PBXResourcesBuildPhase section */
		C6BA18F22BBEA2F40045B400 /* Resources */ = {
			isa = PBXResourcesBuildPhase;
			buildActionMask = 2147483647;
			files = (
				C6BA193D2BBEA2F40045B400 /* SixViewController.xib in Resources */,
				C6BA19072BBEA2F40045B400 /* LaunchScreen.storyboard in Resources */,
				C6BA19422BBEA2F40045B400 /* SevenViewController.xib in Resources */,
				C6BA19042BBEA2F40045B400 /* Assets.xcassets in Resources */,
				C6BA19372BBEA2F40045B400 /* GmaViewController.xib in Resources */,
				C6BA19022BBEA2F40045B400 /* Main.storyboard in Resources */,
				C6BA19472BBEA2F40045B400 /* GuizeViewController.xib in Resources */,
			);
			runOnlyForDeploymentPostprocessing = 0;
		};
		C6BA190D2BBEA2F40045B400 /* Resources */ = {
			isa = PBXResourcesBuildPhase;
			buildActionMask = 2147483647;
			files = (
			);
			runOnlyForDeploymentPostprocessing = 0;
		};
		C6BA19172BBEA2F40045B400 /* Resources */ = {
			isa = PBXResourcesBuildPhase;
			buildActionMask = 2147483647;
			files = (
			);
			runOnlyForDeploymentPostprocessing = 0;
		};
/* End PBXResourcesBuildPhase section */

/* Begin PBXShellScriptBuildPhase section */
		458ABB8D30C94399CBD1B690 /* [CP] Embed Pods Frameworks */ = {
			isa = PBXShellScriptBuildPhase;
			buildActionMask = 2147483647;
			files = (
			);
			inputFileListPaths = (
				"${PODS_ROOT}/Target Support Files/Pods-Tenpapoker/Pods-Tenpapoker-frameworks-${CONFIGURATION}-input-files.xcfilelist",
			);
			name = "[CP] Embed Pods Frameworks";
			outputFileListPaths = (
				"${PODS_ROOT}/Target Support Files/Pods-Tenpapoker/Pods-Tenpapoker-frameworks-${CONFIGURATION}-output-files.xcfilelist",
			);
			runOnlyForDeploymentPostprocessing = 0;
			shellPath = /bin/sh;
			shellScript = "\"${PODS_ROOT}/Target Support Files/Pods-Tenpapoker/Pods-Tenpapoker-frameworks.sh\"\n";
			showEnvVarsInLog = 0;
		};
		A584FC465DC7396B6BDE325A /* [CP] Check Pods Manifest.lock */ = {
			isa = PBXShellScriptBuildPhase;
			buildActionMask = 2147483647;
			files = (
			);
			inputFileListPaths = (
			);
			inputPaths = (
				"${PODS_PODFILE_DIR_PATH}/Podfile.lock",
				"${PODS_ROOT}/Manifest.lock",
			);
			name = "[CP] Check Pods Manifest.lock";
			outputFileListPaths = (
			);
			outputPaths = (
				"$(DERIVED_FILE_DIR)/Pods-Tenpapoker-checkManifestLockResult.txt",
			);
			runOnlyForDeploymentPostprocessing = 0;
			shellPath = /bin/sh;
			shellScript = "diff \"${PODS_PODFILE_DIR_PATH}/Podfile.lock\" \"${PODS_ROOT}/Manifest.lock\" > /dev/null\nif [ $? != 0 ] ; then\n    # print error to STDERR\n    echo \"error: The sandbox is not in sync with the Podfile.lock. Run 'pod install' or update your CocoaPods installation.\" >&2\n    exit 1\nfi\n# This output is used by Xcode 'outputs' to avoid re-running this script phase.\necho \"SUCCESS\" > \"${SCRIPT_OUTPUT_FILE_0}\"\n";
			showEnvVarsInLog = 0;
		};
/* End PBXShellScriptBuildPhase section */

/* Begin PBXSourcesBuildPhase section */
		C6BA18F02BBEA2F40045B400 /* Sources */ = {
			isa = PBXSourcesBuildPhase;
			buildActionMask = 2147483647;
			files = (
				C6BA18FF2BBEA2F40045B400 /* ViewController.m in Sources */,
				C6BA193C2BBEA2F40045B400 /* SixViewController.m in Sources */,
				C6BA19362BBEA2F40045B400 /* GmaViewController.m in Sources */,
				C6BA19462BBEA2F40045B400 /* GuizeViewController.m in Sources */,
				C6BA18F92BBEA2F40045B400 /* AppDelegate.m in Sources */,
				C6BA190A2BBEA2F40045B400 /* main.m in Sources */,
				C6BA19412BBEA2F40045B400 /* SevenViewController.m in Sources */,
			);
			runOnlyForDeploymentPostprocessing = 0;
		};
		C6BA190B2BBEA2F40045B400 /* Sources */ = {
			isa = PBXSourcesBuildPhase;
			buildActionMask = 2147483647;
			files = (
				C6BA19142BBEA2F40045B400 /* TenpapokerTests.m in Sources */,
			);
			runOnlyForDeploymentPostprocessing = 0;
		};
		C6BA19152BBEA2F40045B400 /* Sources */ = {
			isa = PBXSourcesBuildPhase;
			buildActionMask = 2147483647;
			files = (
				C6BA191E2BBEA2F40045B400 /* TenpapokerUITests.m in Sources */,
				C6BA19202BBEA2F40045B400 /* TenpapokerUITestsLaunchTests.m in Sources */,
			);
			runOnlyForDeploymentPostprocessing = 0;
		};
/* End PBXSourcesBuildPhase section */

/* Begin PBXTargetDependency section */
		C6BA19112BBEA2F40045B400 /* PBXTargetDependency */ = {
			isa = PBXTargetDependency;
			target = C6BA18F32BBEA2F40045B400 /* Tenpapoker */;
			targetProxy = C6BA19102BBEA2F40045B400 /* PBXContainerItemProxy */;
		};
		C6BA191B2BBEA2F40045B400 /* PBXTargetDependency */ = {
			isa = PBXTargetDependency;
			target = C6BA18F32BBEA2F40045B400 /* Tenpapoker */;
			targetProxy = C6BA191A2BBEA2F40045B400 /* PBXContainerItemProxy */;
		};
/* End PBXTargetDependency section */

/* Begin PBXVariantGroup section */
		C6BA19002BBEA2F40045B400 /* Main.storyboard */ = {
			isa = PBXVariantGroup;
			children = (
				C6BA19012BBEA2F40045B400 /* Base */,
			);
			name = Main.storyboard;
			sourceTree = "<group>";
		};
		C6BA19052BBEA2F40045B400 /* LaunchScreen.storyboard */ = {
			isa = PBXVariantGroup;
			children = (
				C6BA19062BBEA2F40045B400 /* Base */,
			);
			name = LaunchScreen.storyboard;
			sourceTree = "<group>";
		};
/* End PBXVariantGroup section */

/* Begin XCBuildConfiguration section */
		C6BA19212BBEA2F40045B400 /* Debug */ = {
			isa = XCBuildConfiguration;
			buildSettings = {
				ALWAYS_SEARCH_USER_PATHS = NO;
				ASSETCATALOG_COMPILER_GENERATE_SWIFT_ASSET_SYMBOL_EXTENSIONS = YES;
				CLANG_ANALYZER_NONNULL = YES;
				CLANG_ANALYZER_NUMBER_OBJECT_CONVERSION = YES_AGGRESSIVE;
				CLANG_CXX_LANGUAGE_STANDARD = "gnu++20";
				CLANG_ENABLE_MODULES = YES;
				CLANG_ENABLE_OBJC_ARC = YES;
				CLANG_ENABLE_OBJC_WEAK = YES;
				CLANG_WARN_BLOCK_CAPTURE_AUTORELEASING = YES;
				CLANG_WARN_BOOL_CONVERSION = YES;
				CLANG_WARN_COMMA = YES;
				CLANG_WARN_CONSTANT_CONVERSION = YES;
				CLANG_WARN_DEPRECATED_OBJC_IMPLEMENTATIONS = YES;
				CLANG_WARN_DIRECT_OBJC_ISA_USAGE = YES_ERROR;
				CLANG_WARN_DOCUMENTATION_COMMENTS = YES;
				CLANG_WARN_EMPTY_BODY = YES;
				CLANG_WARN_ENUM_CONVERSION = YES;
				CLANG_WARN_INFINITE_RECURSION = YES;
				CLANG_WARN_INT_CONVERSION = YES;
				CLANG_WARN_NON_LITERAL_NULL_CONVERSION = YES;
				CLANG_WARN_OBJC_IMPLICIT_RETAIN_SELF = YES;
				CLANG_WARN_OBJC_LITERAL_CONVERSION = YES;
				CLANG_WARN_OBJC_ROOT_CLASS = YES_ERROR;
				CLANG_WARN_QUOTED_INCLUDE_IN_FRAMEWORK_HEADER = YES;
				CLANG_WARN_RANGE_LOOP_ANALYSIS = YES;
				CLANG_WARN_STRICT_PROTOTYPES = YES;
				CLANG_WARN_SUSPICIOUS_MOVE = YES;
				CLANG_WARN_UNGUARDED_AVAILABILITY = YES_AGGRESSIVE;
				CLANG_WARN_UNREACHABLE_CODE = YES;
				CLANG_WARN__DUPLICATE_METHOD_MATCH = YES;
				COPY_PHASE_STRIP = NO;
				DEBUG_INFORMATION_FORMAT = dwarf;
				ENABLE_STRICT_OBJC_MSGSEND = YES;
				ENABLE_TESTABILITY = YES;
				ENABLE_USER_SCRIPT_SANDBOXING = NO;
				GCC_C_LANGUAGE_STANDARD = gnu17;
				GCC_DYNAMIC_NO_PIC = NO;
				GCC_NO_COMMON_BLOCKS = YES;
				GCC_OPTIMIZATION_LEVEL = 0;
				GCC_PREPROCESSOR_DEFINITIONS = (
					"DEBUG=1",
					"$(inherited)",
				);
				GCC_WARN_64_TO_32_BIT_CONVERSION = YES;
				GCC_WARN_ABOUT_RETURN_TYPE = YES_ERROR;
				GCC_WARN_UNDECLARED_SELECTOR = YES;
				GCC_WARN_UNINITIALIZED_AUTOS = YES_AGGRESSIVE;
				GCC_WARN_UNUSED_FUNCTION = YES;
				GCC_WARN_UNUSED_VARIABLE = YES;
				IPHONEOS_DEPLOYMENT_TARGET = 17.2;
				LOCALIZATION_PREFERS_STRING_CATALOGS = YES;
				MTL_ENABLE_DEBUG_INFO = INCLUDE_SOURCE;
				MTL_FAST_MATH = YES;
				ONLY_ACTIVE_ARCH = YES;
				SDKROOT = iphoneos;
			};
			name = Debug;
		};
		C6BA19222BBEA2F40045B400 /* Release */ = {
			isa = XCBuildConfiguration;
			buildSettings = {
				ALWAYS_SEARCH_USER_PATHS = NO;
				ASSETCATALOG_COMPILER_GENERATE_SWIFT_ASSET_SYMBOL_EXTENSIONS = YES;
				CLANG_ANALYZER_NONNULL = YES;
				CLANG_ANALYZER_NUMBER_OBJECT_CONVERSION = YES_AGGRESSIVE;
				CLANG_CXX_LANGUAGE_STANDARD = "gnu++20";
				CLANG_ENABLE_MODULES = YES;
				CLANG_ENABLE_OBJC_ARC = YES;
				CLANG_ENABLE_OBJC_WEAK = YES;
				CLANG_WARN_BLOCK_CAPTURE_AUTORELEASING = YES;
				CLANG_WARN_BOOL_CONVERSION = YES;
				CLANG_WARN_COMMA = YES;
				CLANG_WARN_CONSTANT_CONVERSION = YES;
				CLANG_WARN_DEPRECATED_OBJC_IMPLEMENTATIONS = YES;
				CLANG_WARN_DIRECT_OBJC_ISA_USAGE = YES_ERROR;
				CLANG_WARN_DOCUMENTATION_COMMENTS = YES;
				CLANG_WARN_EMPTY_BODY = YES;
				CLANG_WARN_ENUM_CONVERSION = YES;
				CLANG_WARN_INFINITE_RECURSION = YES;
				CLANG_WARN_INT_CONVERSION = YES;
				CLANG_WARN_NON_LITERAL_NULL_CONVERSION = YES;
				CLANG_WARN_OBJC_IMPLICIT_RETAIN_SELF = YES;
				CLANG_WARN_OBJC_LITERAL_CONVERSION = YES;
				CLANG_WARN_OBJC_ROOT_CLASS = YES_ERROR;
				CLANG_WARN_QUOTED_INCLUDE_IN_FRAMEWORK_HEADER = YES;
				CLANG_WARN_RANGE_LOOP_ANALYSIS = YES;
				CLANG_WARN_STRICT_PROTOTYPES = YES;
				CLANG_WARN_SUSPICIOUS_MOVE = YES;
				CLANG_WARN_UNGUARDED_AVAILABILITY = YES_AGGRESSIVE;
				CLANG_WARN_UNREACHABLE_CODE = YES;
				CLANG_WARN__DUPLICATE_METHOD_MATCH = YES;
				COPY_PHASE_STRIP = NO;
				DEBUG_INFORMATION_FORMAT = "dwarf-with-dsym";
				ENABLE_NS_ASSERTIONS = NO;
				ENABLE_STRICT_OBJC_MSGSEND = YES;
				ENABLE_USER_SCRIPT_SANDBOXING = NO;
				GCC_C_LANGUAGE_STANDARD = gnu17;
				GCC_NO_COMMON_BLOCKS = YES;
				GCC_WARN_64_TO_32_BIT_CONVERSION = YES;
				GCC_WARN_ABOUT_RETURN_TYPE = YES_ERROR;
				GCC_WARN_UNDECLARED_SELECTOR = YES;
				GCC_WARN_UNINITIALIZED_AUTOS = YES_AGGRESSIVE;
				GCC_WARN_UNUSED_FUNCTION = YES;
				GCC_WARN_UNUSED_VARIABLE = YES;
				IPHONEOS_DEPLOYMENT_TARGET = 17.2;
				LOCALIZATION_PREFERS_STRING_CATALOGS = YES;
				MTL_ENABLE_DEBUG_INFO = NO;
				MTL_FAST_MATH = YES;
				SDKROOT = iphoneos;
				VALIDATE_PRODUCT = YES;
			};
			name = Release;
		};
		C6BA19242BBEA2F40045B400 /* Debug */ = {
			isa = XCBuildConfiguration;
			baseConfigurationReference = CD06ECF1E0C0AEF6A73B2BAB /* Pods-Tenpapoker.debug.xcconfig */;
			buildSettings = {
				ASSETCATALOG_COMPILER_APPICON_NAME = AppIcon;
				ASSETCATALOG_COMPILER_GLOBAL_ACCENT_COLOR_NAME = AccentColor;
				CODE_SIGN_STYLE = Automatic;
				CURRENT_PROJECT_VERSION = 3;
				GENERATE_INFOPLIST_FILE = YES;
				INFOPLIST_FILE = Tenpapoker/Info.plist;
				INFOPLIST_KEY_CFBundleDisplayName = "3Patti PuzzleCard ";
				INFOPLIST_KEY_NSUserTrackingUsageDescription = "This identifier will be used to deliver personalized services to you";
				INFOPLIST_KEY_UIApplicationSupportsIndirectInputEvents = YES;
				INFOPLIST_KEY_UILaunchStoryboardName = LaunchScreen;
				INFOPLIST_KEY_UISupportedInterfaceOrientations = "UIInterfaceOrientationLandscapeLeft UIInterfaceOrientationLandscapeRight";
				INFOPLIST_KEY_UISupportedInterfaceOrientations_iPad = "UIInterfaceOrientationLandscapeLeft UIInterfaceOrientationLandscapeRight UIInterfaceOrientationPortrait UIInterfaceOrientationPortraitUpsideDown";
				IPHONEOS_DEPLOYMENT_TARGET = 14.0;
				LD_RUNPATH_SEARCH_PATHS = (
					"$(inherited)",
					"@executable_path/Frameworks",
				);
				MARKETING_VERSION = 1.1;
				PRODUCT_BUNDLE_IDENTIFIER = com.tenpapoer.b90.com;
				PRODUCT_NAME = "$(TARGET_NAME)";
				SUPPORTED_PLATFORMS = "iphoneos iphonesimulator";
				SUPPORTS_MACCATALYST = NO;
				SUPPORTS_MAC_DESIGNED_FOR_IPHONE_IPAD = NO;
				SUPPORTS_XR_DESIGNED_FOR_IPHONE_IPAD = NO;
				SWIFT_EMIT_LOC_STRINGS = YES;
				TARGETED_DEVICE_FAMILY = 1;
			};
			name = Debug;
		};
		C6BA19252BBEA2F40045B400 /* Release */ = {
			isa = XCBuildConfiguration;
			baseConfigurationReference = 54A2B384E261F8D8CBC8C5D7 /* Pods-Tenpapoker.release.xcconfig */;
			buildSettings = {
				ASSETCATALOG_COMPILER_APPICON_NAME = AppIcon;
				ASSETCATALOG_COMPILER_GLOBAL_ACCENT_COLOR_NAME = AccentColor;
				CODE_SIGN_STYLE = Automatic;
				CURRENT_PROJECT_VERSION = 3;
				GENERATE_INFOPLIST_FILE = YES;
				INFOPLIST_FILE = Tenpapoker/Info.plist;
				INFOPLIST_KEY_CFBundleDisplayName = "3Patti PuzzleCard ";
				INFOPLIST_KEY_NSUserTrackingUsageDescription = "This identifier will be used to deliver personalized services to you";
				INFOPLIST_KEY_UIApplicationSupportsIndirectInputEvents = YES;
				INFOPLIST_KEY_UILaunchStoryboardName = LaunchScreen;
				INFOPLIST_KEY_UISupportedInterfaceOrientations = "UIInterfaceOrientationLandscapeLeft UIInterfaceOrientationLandscapeRight";
				INFOPLIST_KEY_UISupportedInterfaceOrientations_iPad = "UIInterfaceOrientationLandscapeLeft UIInterfaceOrientationLandscapeRight UIInterfaceOrientationPortrait UIInterfaceOrientationPortraitUpsideDown";
				IPHONEOS_DEPLOYMENT_TARGET = 14.0;
				LD_RUNPATH_SEARCH_PATHS = (
					"$(inherited)",
					"@executable_path/Frameworks",
				);
				MARKETING_VERSION = 1.1;
				PRODUCT_BUNDLE_IDENTIFIER = com.tenpapoer.b90.com;
				PRODUCT_NAME = "$(TARGET_NAME)";
				SUPPORTED_PLATFORMS = "iphoneos iphonesimulator";
				SUPPORTS_MACCATALYST = NO;
				SUPPORTS_MAC_DESIGNED_FOR_IPHONE_IPAD = NO;
				SUPPORTS_XR_DESIGNED_FOR_IPHONE_IPAD = NO;
				SWIFT_EMIT_LOC_STRINGS = YES;
				TARGETED_DEVICE_FAMILY = 1;
			};
			name = Release;
		};
		C6BA19272BBEA2F40045B400 /* Debug */ = {
			isa = XCBuildConfiguration;
			buildSettings = {
				BUNDLE_LOADER = "$(TEST_HOST)";
				CODE_SIGN_STYLE = Automatic;
				CURRENT_PROJECT_VERSION = 1;
				GENERATE_INFOPLIST_FILE = YES;
				IPHONEOS_DEPLOYMENT_TARGET = 17.2;
				MARKETING_VERSION = 1.0;
				PRODUCT_BUNDLE_IDENTIFIER = com.api.tenpoker.com.TenpapokerTests;
				PRODUCT_NAME = "$(TARGET_NAME)";
				SWIFT_EMIT_LOC_STRINGS = NO;
				TARGETED_DEVICE_FAMILY = "1,2";
				TEST_HOST = "$(BUILT_PRODUCTS_DIR)/Tenpapoker.app/$(BUNDLE_EXECUTABLE_FOLDER_PATH)/Tenpapoker";
			};
			name = Debug;
		};
		C6BA19282BBEA2F40045B400 /* Release */ = {
			isa = XCBuildConfiguration;
			buildSettings = {
				BUNDLE_LOADER = "$(TEST_HOST)";
				CODE_SIGN_STYLE = Automatic;
				CURRENT_PROJECT_VERSION = 1;
				GENERATE_INFOPLIST_FILE = YES;
				IPHONEOS_DEPLOYMENT_TARGET = 17.2;
				MARKETING_VERSION = 1.0;
				PRODUCT_BUNDLE_IDENTIFIER = com.api.tenpoker.com.TenpapokerTests;
				PRODUCT_NAME = "$(TARGET_NAME)";
				SWIFT_EMIT_LOC_STRINGS = NO;
				TARGETED_DEVICE_FAMILY = "1,2";
				TEST_HOST = "$(BUILT_PRODUCTS_DIR)/Tenpapoker.app/$(BUNDLE_EXECUTABLE_FOLDER_PATH)/Tenpapoker";
			};
			name = Release;
		};
		C6BA192A2BBEA2F40045B400 /* Debug */ = {
			isa = XCBuildConfiguration;
			buildSettings = {
				CODE_SIGN_STYLE = Automatic;
				CURRENT_PROJECT_VERSION = 1;
				GENERATE_INFOPLIST_FILE = YES;
				MARKETING_VERSION = 1.0;
				PRODUCT_BUNDLE_IDENTIFIER = com.api.tenpoker.com.TenpapokerUITests;
				PRODUCT_NAME = "$(TARGET_NAME)";
				SWIFT_EMIT_LOC_STRINGS = NO;
				TARGETED_DEVICE_FAMILY = "1,2";
				TEST_TARGET_NAME = Tenpapoker;
			};
			name = Debug;
		};
		C6BA192B2BBEA2F40045B400 /* Release */ = {
			isa = XCBuildConfiguration;
			buildSettings = {
				CODE_SIGN_STYLE = Automatic;
				CURRENT_PROJECT_VERSION = 1;
				GENERATE_INFOPLIST_FILE = YES;
				MARKETING_VERSION = 1.0;
				PRODUCT_BUNDLE_IDENTIFIER = com.api.tenpoker.com.TenpapokerUITests;
				PRODUCT_NAME = "$(TARGET_NAME)";
				SWIFT_EMIT_LOC_STRINGS = NO;
				TARGETED_DEVICE_FAMILY = "1,2";
				TEST_TARGET_NAME = Tenpapoker;
			};
			name = Release;
		};
/* End XCBuildConfiguration section */

/* Begin XCConfigurationList section */
		C6BA18EF2BBEA2F40045B400 /* Build configuration list for PBXProject "Tenpapoker" */ = {
			isa = XCConfigurationList;
			buildConfigurations = (
				C6BA19212BBEA2F40045B400 /* Debug */,
				C6BA19222BBEA2F40045B400 /* Release */,
			);
			defaultConfigurationIsVisible = 0;
			defaultConfigurationName = Release;
		};
		C6BA19232BBEA2F40045B400 /* Build configuration list for PBXNativeTarget "Tenpapoker" */ = {
			isa = XCConfigurationList;
			buildConfigurations = (
				C6BA19242BBEA2F40045B400 /* Debug */,
				C6BA19252BBEA2F40045B400 /* Release */,
			);
			defaultConfigurationIsVisible = 0;
			defaultConfigurationName = Release;
		};
		C6BA19262BBEA2F40045B400 /* Build configuration list for PBXNativeTarget "TenpapokerTests" */ = {
			isa = XCConfigurationList;
			buildConfigurations = (
				C6BA19272BBEA2F40045B400 /* Debug */,
				C6BA19282BBEA2F40045B400 /* Release */,
			);
			defaultConfigurationIsVisible = 0;
			defaultConfigurationName = Release;
		};
		C6BA19292BBEA2F40045B400 /* Build configuration list for PBXNativeTarget "TenpapokerUITests" */ = {
			isa = XCConfigurationList;
			buildConfigurations = (
				C6BA192A2BBEA2F40045B400 /* Debug */,
				C6BA192B2BBEA2F40045B400 /* Release */,
			);
			defaultConfigurationIsVisible = 0;
			defaultConfigurationName = Release;
		};
/* End XCConfigurationList section */
	};
	rootObject = C6BA18EC2BBEA2F40045B400 /* Project object */;
}
